// !$*UTF8*$!
{
	archiveVersion = 1;
	classes = {
	};
	objectVersion = 50;
	objects = {

/* Begin PBXBuildFile section */
		8E7A78A923B4A54C0004BDF8 /* AppDelegate.swift in Sources */ = {isa = PBXBuildFile; fileRef = 8E7A78A823B4A54C0004BDF8 /* AppDelegate.swift */; };
		8E7A78AD23B4A54C0004BDF8 /* ViewController.swift in Sources */ = {isa = PBXBuildFile; fileRef = 8E7A78AC23B4A54C0004BDF8 /* ViewController.swift */; };
		8E7A78B023B4A54C0004BDF8 /* Main.storyboard in Resources */ = {isa = PBXBuildFile; fileRef = 8E7A78AE23B4A54C0004BDF8 /* Main.storyboard */; };
		8E7A78B223B4A54C0004BDF8 /* Assets.xcassets in Resources */ = {isa = PBXBuildFile; fileRef = 8E7A78B123B4A54C0004BDF8 /* Assets.xcassets */; };
		8E7A78B523B4A54C0004BDF8 /* LaunchScreen.storyboard in Resources */ = {isa = PBXBuildFile; fileRef = 8E7A78B323B4A54C0004BDF8 /* LaunchScreen.storyboard */; };
/* End PBXBuildFile section */

/* Begin PBXFileReference section */
		8E7A78A523B4A54C0004BDF8 /* ModuleApp.app */ = {isa = PBXFileReference; explicitFileType = wrapper.application; includeInIndex = 0; path = ModuleApp.app; sourceTree = BUILT_PRODUCTS_DIR; };
		8E7A78A823B4A54C0004BDF8 /* AppDelegate.swift */ = {isa = PBXFileReference; lastKnownFileType = sourcecode.swift; path = AppDelegate.swift; sourceTree = "<group>"; };
		8E7A78AC23B4A54C0004BDF8 /* ViewController.swift */ = {isa = PBXFileReference; lastKnownFileType = sourcecode.swift; path = ViewController.swift; sourceTree = "<group>"; };
		8E7A78AF23B4A54C0004BDF8 /* Base */ = {isa = PBXFileReference; lastKnownFileType = file.storyboard; name = Base; path = Base.lproj/Main.storyboard; sourceTree = "<group>"; };
		8E7A78B123B4A54C0004BDF8 /* Assets.xcassets */ = {isa = PBXFileReference; lastKnownFileType = folder.assetcatalog; path = Assets.xcassets; sourceTree = "<group>"; };
		8E7A78B423B4A54C0004BDF8 /* Base */ = {isa = PBXFileReference; lastKnownFileType = file.storyboard; name = Base; path = Base.lproj/LaunchScreen.storyboard; sourceTree = "<group>"; };
		8E7A78B623B4A54C0004BDF8 /* Info.plist */ = {isa = PBXFileReference; lastKnownFileType = text.plist.xml; path = Info.plist; sourceTree = "<group>"; };
/* End PBXFileReference section */

/* Begin PBXFrameworksBuildPhase section */
		8E7A78A223B4A54C0004BDF8 /* Frameworks */ = {
			isa = PBXFrameworksBuildPhase;
			buildActionMask = 2147483647;
			files = (
			);
			runOnlyForDeploymentPostprocessing = 0;
		};
/* End PBXFrameworksBuildPhase section */

/* Begin PBXGroup section */
		8E7A789C23B4A54C0004BDF8 = {
			isa = PBXGroup;
			children = (
				8E7A78A723B4A54C0004BDF8 /* ModuleApp */,
				8E7A78A623B4A54C0004BDF8 /* Products */,
			);
			sourceTree = "<group>";
		};
		8E7A78A623B4A54C0004BDF8 /* Products */ = {
			isa = PBXGroup;
			children = (
				8E7A78A523B4A54C0004BDF8 /* ModuleApp.app */,
			);
			name = Products;
			sourceTree = "<group>";
		};
		8E7A78A723B4A54C0004BDF8 /* ModuleApp */ = {
			isa = PBXGroup;
			children = (
				8E7A78BC23B4A5610004BDF8 /* Source */,
				8E7A78BD23B4A5680004BDF8 /* Resource */,
			);
			path = ModuleApp;
			sourceTree = "<group>";
		};
		8E7A78BC23B4A5610004BDF8 /* Source */ = {
			isa = PBXGroup;
			children = (
				8E7A78A823B4A54C0004BDF8 /* AppDelegate.swift */,
				8E7A78AC23B4A54C0004BDF8 /* ViewController.swift */,
			);
			path = Source;
			sourceTree = "<group>";
		};
		8E7A78BD23B4A5680004BDF8 /* Resource */ = {
			isa = PBXGroup;
			children = (
				8E7A78AE23B4A54C0004BDF8 /* Main.storyboard */,
				8E7A78B123B4A54C0004BDF8 /* Assets.xcassets */,
				8E7A78B323B4A54C0004BDF8 /* LaunchScreen.storyboard */,
				8E7A78B623B4A54C0004BDF8 /* Info.plist */,
			);
			path = Resource;
			sourceTree = "<group>";
		};
/* End PBXGroup section */

/* Begin PBXNativeTarget section */
		8E7A78A423B4A54C0004BDF8 /* ModuleApp */ = {
			isa = PBXNativeTarget;
			buildConfigurationList = 8E7A78B923B4A54C0004BDF8 /* Build configuration list for PBXNativeTarget "ModuleApp" */;
			buildPhases = (
				8E7A78A123B4A54C0004BDF8 /* Sources */,
				8E7A78A223B4A54C0004BDF8 /* Frameworks */,
				8E7A78A323B4A54C0004BDF8 /* Resources */,
			);
			buildRules = (
			);
			dependencies = (
			);
			name = ModuleApp;
			productName = ModuleApp;
			productReference = 8E7A78A523B4A54C0004BDF8 /* ModuleApp.app */;
			productType = "com.apple.product-type.application";
		};
/* End PBXNativeTarget section */

/* Begin PBXProject section */
		8E7A789D23B4A54C0004BDF8 /* Project object */ = {
			isa = PBXProject;
			attributes = {
				LastSwiftUpdateCheck = 1110;
				LastUpgradeCheck = 1110;
				ORGANIZATIONNAME = Cooper;
				TargetAttributes = {
					8E7A78A423B4A54C0004BDF8 = {
						CreatedOnToolsVersion = 11.1;
					};
				};
			};
			buildConfigurationList = 8E7A78A023B4A54C0004BDF8 /* Build configuration list for PBXProject "ModuleApp" */;
			compatibilityVersion = "Xcode 9.3";
			developmentRegion = en;
			hasScannedForEncodings = 0;
			knownRegions = (
				en,
				Base,
			);
			mainGroup = 8E7A789C23B4A54C0004BDF8;
			productRefGroup = 8E7A78A623B4A54C0004BDF8 /* Products */;
			projectDirPath = "";
			projectRoot = "";
			targets = (
				8E7A78A423B4A54C0004BDF8 /* ModuleApp */,
			);
		};
/* End PBXProject section */

/* Begin PBXResourcesBuildPhase section */
		8E7A78A323B4A54C0004BDF8 /* Resources */ = {
			isa = PBXResourcesBuildPhase;
			buildActionMask = 2147483647;
			files = (
				8E7A78B523B4A54C0004BDF8 /* LaunchScreen.storyboard in Resources */,
				8E7A78B223B4A54C0004BDF8 /* Assets.xcassets in Resources */,
				8E7A78B023B4A54C0004BDF8 /* Main.storyboard in Resources */,
			);
			runOnlyForDeploymentPostprocessing = 0;
		};
/* End PBXResourcesBuildPhase section */

/* Begin PBXSourcesBuildPhase section */
		8E7A78A123B4A54C0004BDF8 /* Sources */ = {
			isa = PBXSourcesBuildPhase;
			buildActionMask = 2147483647;
			files = (
				8E7A78AD23B4A54C0004BDF8 /* ViewController.swift in Sources */,
				8E7A78A923B4A54C0004BDF8 /* AppDelegate.swift in Sources */,
			);
			runOnlyForDeploymentPostprocessing = 0;
		};
/* End PBXSourcesBuildPhase section */

/* Begin PBXVariantGroup section */
		8E7A78AE23B4A54C0004BDF8 /* Main.storyboard */ = {
			isa = PBXVariantGroup;
			children = (
				8E7A78AF23B4A54C0004BDF8 /* Base */,
			);
			name = Main.storyboard;
			sourceTree = "<group>";
		};
		8E7A78B323B4A54C0004BDF8 /* LaunchScreen.storyboard */ = {
			isa = PBXVariantGroup;
			children = (
				8E7A78B423B4A54C0004BDF8 /* Base */,
			);
			name = LaunchScreen.storyboard;
			sourceTree = "<group>";
		};
/* End PBXVariantGroup section */

/* Begin XCBuildConfiguration section */
		8E7A78B723B4A54C0004BDF8 /* Debug */ = {
			isa = XCBuildConfiguration;
			buildSettings = {
				ALWAYS_SEARCH_USER_PATHS = NO;
				CLANG_ANALYZER_NONNULL = YES;
				CLANG_ANALYZER_NUMBER_OBJECT_CONVERSION = YES_AGGRESSIVE;
				CLANG_CXX_LANGUAGE_STANDARD = "gnu++14";
				CLANG_CXX_LIBRARY = "libc++";
				CLANG_ENABLE_MODULES = YES;
				CLANG_ENABLE_OBJC_ARC = YES;
				CLANG_ENABLE_OBJC_WEAK = YES;
				CLANG_WARN_BLOCK_CAPTURE_AUTORELEASING = YES;
				CLANG_WARN_BOOL_CONVERSION = YES;
				CLANG_WARN_COMMA = YES;
				CLANG_WARN_CONSTANT_CONVERSION = YES;
				CLANG_WARN_DEPRECATED_OBJC_IMPLEMENTATIONS = YES;
				CLANG_WARN_DIRECT_OBJC_ISA_USAGE = YES_ERROR;
				CLANG_WARN_DOCUMENTATION_COMMENTS = YES;
				CLANG_WARN_EMPTY_BODY = YES;
				CLANG_WARN_ENUM_CONVERSION = YES;
				CLANG_WARN_INFINITE_RECURSION = YES;
				CLANG_WARN_INT_CONVERSION = YES;
				CLANG_WARN_NON_LITERAL_NULL_CONVERSION = YES;
				CLANG_WARN_OBJC_IMPLICIT_RETAIN_SELF = YES;
				CLANG_WARN_OBJC_LITERAL_CONVERSION = YES;
				CLANG_WARN_OBJC_ROOT_CLASS = YES_ERROR;
				CLANG_WARN_RANGE_LOOP_ANALYSIS = YES;
				CLANG_WARN_STRICT_PROTOTYPES = YES;
				CLANG_WARN_SUSPICIOUS_MOVE = YES;
				CLANG_WARN_UNGUARDED_AVAILABILITY = YES_AGGRESSIVE;
				CLANG_WARN_UNREACHABLE_CODE = YES;
				CLANG_WARN__DUPLICATE_METHOD_MATCH = YES;
				COPY_PHASE_STRIP = NO;
				DEBUG_INFORMATION_FORMAT = dwarf;
				ENABLE_STRICT_OBJC_MSGSEND = YES;
				ENABLE_TESTABILITY = YES;
				GCC_C_LANGUAGE_STANDARD = gnu11;
				GCC_DYNAMIC_NO_PIC = NO;
				GCC_NO_COMMON_BLOCKS = YES;
				GCC_OPTIMIZATION_LEVEL = 0;
				GCC_PREPROCESSOR_DEFINITIONS = (
					"DEBUG=1",
					"$(inherited)",
				);
				GCC_WARN_64_TO_32_BIT_CONVERSION = YES;
				GCC_WARN_ABOUT_RETURN_TYPE = YES_ERROR;
				GCC_WARN_UNDECLARED_SELECTOR = YES;
				GCC_WARN_UNINITIALIZED_AUTOS = YES_AGGRESSIVE;
				GCC_WARN_UNUSED_FUNCTION = YES;
				GCC_WARN_UNUSED_VARIABLE = YES;
				IPHONEOS_DEPLOYMENT_TARGET = 11.0;
				MTL_ENABLE_DEBUG_INFO = INCLUDE_SOURCE;
				MTL_FAST_MATH = YES;
				ONLY_ACTIVE_ARCH = YES;
				SDKROOT = iphoneos;
				SWIFT_ACTIVE_COMPILATION_CONDITIONS = DEBUG;
				SWIFT_OPTIMIZATION_LEVEL = "-Onone";
			};
			name = Debug;
		};
		8E7A78B823B4A54C0004BDF8 /* Release */ = {
			isa = XCBuildConfiguration;
			buildSettings = {
				ALWAYS_SEARCH_USER_PATHS = NO;
				CLANG_ANALYZER_NONNULL = YES;
				CLANG_ANALYZER_NUMBER_OBJECT_CONVERSION = YES_AGGRESSIVE;
				CLANG_CXX_LANGUAGE_STANDARD = "gnu++14";
				CLANG_CXX_LIBRARY = "libc++";
				CLANG_ENABLE_MODULES = YES;
				CLANG_ENABLE_OBJC_ARC = YES;
				CLANG_ENABLE_OBJC_WEAK = YES;
				CLANG_WARN_BLOCK_CAPTURE_AUTORELEASING = YES;
				CLANG_WARN_BOOL_CONVERSION = YES;
				CLANG_WARN_COMMA = YES;
				CLANG_WARN_CONSTANT_CONVERSION = YES;
				CLANG_WARN_DEPRECATED_OBJC_IMPLEMENTATIONS = YES;
				CLANG_WARN_DIRECT_OBJC_ISA_USAGE = YES_ERROR;
				CLANG_WARN_DOCUMENTATION_COMMENTS = YES;
				CLANG_WARN_EMPTY_BODY = YES;
				CLANG_WARN_ENUM_CONVERSION = YES;
				CLANG_WARN_INFINITE_RECURSION = YES;
				CLANG_WARN_INT_CONVERSION = YES;
				CLANG_WARN_NON_LITERAL_NULL_CONVERSION = YES;
				CLANG_WARN_OBJC_IMPLICIT_RETAIN_SELF = YES;
				CLANG_WARN_OBJC_LITERAL_CONVERSION = YES;
				CLANG_WARN_OBJC_ROOT_CLASS = YES_ERROR;
				CLANG_WARN_RANGE_LOOP_ANALYSIS = YES;
				CLANG_WARN_STRICT_PROTOTYPES = YES;
				CLANG_WARN_SUSPICIOUS_MOVE = YES;
				CLANG_WARN_UNGUARDED_AVAILABILITY = YES_AGGRESSIVE;
				CLANG_WARN_UNREACHABLE_CODE = YES;
				CLANG_WARN__DUPLICATE_METHOD_MATCH = YES;
				COPY_PHASE_STRIP = NO;
				DEBUG_INFORMATION_FORMAT = "dwarf-with-dsym";
				ENABLE_NS_ASSERTIONS = NO;
				ENABLE_STRICT_OBJC_MSGSEND = YES;
				GCC_C_LANGUAGE_STANDARD = gnu11;
				GCC_NO_COMMON_BLOCKS = YES;
				GCC_WARN_64_TO_32_BIT_CONVERSION = YES;
				GCC_WARN_ABOUT_RETURN_TYPE = YES_ERROR;
				GCC_WARN_UNDECLARED_SELECTOR = YES;
				GCC_WARN_UNINITIALIZED_AUTOS = YES_AGGRESSIVE;
				GCC_WARN_UNUSED_FUNCTION = YES;
				GCC_WARN_UNUSED_VARIABLE = YES;
				IPHONEOS_DEPLOYMENT_TARGET = 11.0;
				MTL_ENABLE_DEBUG_INFO = NO;
				MTL_FAST_MATH = YES;
				SDKROOT = iphoneos;
				SWIFT_COMPILATION_MODE = wholemodule;
				SWIFT_OPTIMIZATION_LEVEL = "-O";
				VALIDATE_PRODUCT = YES;
			};
			name = Release;
		};
		8E7A78BA23B4A54C0004BDF8 /* Debug */ = {
			isa = XCBuildConfiguration;
			buildSettings = {
				ASSETCATALOG_COMPILER_APPICON_NAME = AppIcon;
				CODE_SIGN_STYLE = Automatic;
				INFOPLIST_FILE = "$(SRCROOT)/ModuleApp/Resource/Info.plist";
				IPHONEOS_DEPLOYMENT_TARGET = 11.0;
				LD_RUNPATH_SEARCH_PATHS = (
					"$(inherited)",
					"@executable_path/Frameworks",
				);
				PRODUCT_BUNDLE_IDENTIFIER = ru.cooper.ModuleApp;
				PRODUCT_NAME = "$(TARGET_NAME)";
				SWIFT_VERSION = 5.0;
				TARGETED_DEVICE_FAMILY = "1,2";
			};
			name = Debug;
		};
		8E7A78BB23B4A54C0004BDF8 /* Release */ = {
			isa = XCBuildConfiguration;
			buildSettings = {
				ASSETCATALOG_COMPILER_APPICON_NAME = AppIcon;
				CODE_SIGN_STYLE = Automatic;
				INFOPLIST_FILE = "$(SRCROOT)/ModuleApp/Resource/Info.plist";
				IPHONEOS_DEPLOYMENT_TARGET = 11.0;
				LD_RUNPATH_SEARCH_PATHS = (
					"$(inherited)",
					"@executable_path/Frameworks",
				);
				PRODUCT_BUNDLE_IDENTIFIER = ru.cooper.ModuleApp;
				PRODUCT_NAME = "$(TARGET_NAME)";
				SWIFT_VERSION = 5.0;
				TARGETED_DEVICE_FAMILY = "1,2";
			};
			name = Release;
		};
/* End XCBuildConfiguration section */

/* Begin XCConfigurationList section */
		8E7A78A023B4A54C0004BDF8 /* Build configuration list for PBXProject "ModuleApp" */ = {
			isa = XCConfigurationList;
			buildConfigurations = (
				8E7A78B723B4A54C0004BDF8 /* Debug */,
				8E7A78B823B4A54C0004BDF8 /* Release */,
			);
			defaultConfigurationIsVisible = 0;
			defaultConfigurationName = Release;
		};
		8E7A78B923B4A54C0004BDF8 /* Build configuration list for PBXNativeTarget "ModuleApp" */ = {
			isa = XCConfigurationList;
			buildConfigurations = (
				8E7A78BA23B4A54C0004BDF8 /* Debug */,
				8E7A78BB23B4A54C0004BDF8 /* Release */,
			);
			defaultConfigurationIsVisible = 0;
			defaultConfigurationName = Release;
		};
/* End XCConfigurationList section */
	};
	rootObject = 8E7A789D23B4A54C0004BDF8 /* Project object */;
}
